
Microsoft Visual Studio Solution File, Format Version 12.00
# Visual Studio Version 17
VisualStudioVersion = 17.0.31808.319
MinimumVisualStudioVersion = 10.0.40219.1
Project("{9A19103F-16F7-4668-BE54-9A1E7A4F7556}") = "MyNotesApi", "MyNotesApi.csproj", "{BC1B7A1A-691A-42DB-B8D4-C097B911535C}"
EndProject
Project("{00D1A9C2-B5F0-4AF3-8072-F6C62B433612}") = "Database", "Database\Database.sqlproj", "{38B9C0B7-ACBA-416C-BD1A-8B641059B803}"
EndProject
Global
	GlobalSection(SolutionConfigurationPlatforms) = preSolution
		Debug|Any CPU = Debug|Any CPU
		Release|Any CPU = Release|Any CPU
	EndGlobalSection
	GlobalSection(ProjectConfigurationPlatforms) = postSolution
		{BC1B7A1A-691A-42DB-B8D4-C097B911535C}.Debug|Any CPU.ActiveCfg = Debug|Any CPU
		{BC1B7A1A-691A-42DB-B8D4-C097B911535C}.Debug|Any CPU.Build.0 = Debug|Any CPU
		{BC1B7A1A-691A-42DB-B8D4-C097B911535C}.Release|Any CPU.ActiveCfg = Release|Any CPU
		{BC1B7A1A-691A-42DB-B8D4-C097B911535C}.Release|Any CPU.Build.0 = Release|Any CPU
		{38B9C0B7-ACBA-416C-BD1A-8B641059B803}.Debug|Any CPU.ActiveCfg = Debug|Any CPU
		{38B9C0B7-ACBA-416C-BD1A-8B641059B803}.Debug|Any CPU.Build.0 = Debug|Any CPU
		{38B9C0B7-ACBA-416C-BD1A-8B641059B803}.Debug|Any CPU.Deploy.0 = Debug|Any CPU
		{38B9C0B7-ACBA-416C-BD1A-8B641059B803}.Release|Any CPU.ActiveCfg = Release|Any CPU
		{38B9C0B7-ACBA-416C-BD1A-8B641059B803}.Release|Any CPU.Build.0 = Release|Any CPU
		{38B9C0B7-ACBA-416C-BD1A-8B641059B803}.Release|Any CPU.Deploy.0 = Release|Any CPU
	EndGlobalSection
	GlobalSection(SolutionProperties) = preSolution
		HideSolutionNode = FALSE
	EndGlobalSection
	GlobalSection(ExtensibilityGlobals) = postSolution
		SolutionGuid = {1B933E27-5147-491E-9819-E273C15B44A0}
	EndGlobalSection
EndGlobal
